
Microsoft Visual Studio Solution File, Format Version 12.00
# Visual Studio Version 17
VisualStudioVersion = 17.8.34330.188
MinimumVisualStudioVersion = 10.0.40219.1
Project("{FAE04EC0-301F-11D3-BF4B-00C04F79EFBC}") = "OnlineCasinoAPI", "OnlineCasinoAPI\OnlineCasinoAPI.csproj", "{77466B60-BFF7-4543-97BA-5B88A279DE6B}"
EndProject
Project("{FAE04EC0-301F-11D3-BF4B-00C04F79EFBC}") = "OnlineCasino.Application", "OnlineCasino.Application\OnlineCasino.Application.csproj", "{A7BF63A7-C846-4E4C-9715-5A8D2973A490}"
EndProject
Project("{FAE04EC0-301F-11D3-BF4B-00C04F79EFBC}") = "OnlineCasino.Persistence", "OnlineCasino.Persistence\OnlineCasino.Persistence.csproj", "{87A3962A-A59A-48CC-98F9-74EAC4E9253F}"
EndProject
Global
	GlobalSection(SolutionConfigurationPlatforms) = preSolution
		Debug|Any CPU = Debug|Any CPU
		Release|Any CPU = Release|Any CPU
	EndGlobalSection
	GlobalSection(ProjectConfigurationPlatforms) = postSolution
		{77466B60-BFF7-4543-97BA-5B88A279DE6B}.Debug|Any CPU.ActiveCfg = Debug|Any CPU
		{77466B60-BFF7-4543-97BA-5B88A279DE6B}.Debug|Any CPU.Build.0 = Debug|Any CPU
		{77466B60-BFF7-4543-97BA-5B88A279DE6B}.Release|Any CPU.ActiveCfg = Release|Any CPU
		{77466B60-BFF7-4543-97BA-5B88A279DE6B}.Release|Any CPU.Build.0 = Release|Any CPU
		{A7BF63A7-C846-4E4C-9715-5A8D2973A490}.Debug|Any CPU.ActiveCfg = Debug|Any CPU
		{A7BF63A7-C846-4E4C-9715-5A8D2973A490}.Debug|Any CPU.Build.0 = Debug|Any CPU
		{A7BF63A7-C846-4E4C-9715-5A8D2973A490}.Release|Any CPU.ActiveCfg = Release|Any CPU
		{A7BF63A7-C846-4E4C-9715-5A8D2973A490}.Release|Any CPU.Build.0 = Release|Any CPU
		{87A3962A-A59A-48CC-98F9-74EAC4E9253F}.Debug|Any CPU.ActiveCfg = Debug|Any CPU
		{87A3962A-A59A-48CC-98F9-74EAC4E9253F}.Debug|Any CPU.Build.0 = Debug|Any CPU
		{87A3962A-A59A-48CC-98F9-74EAC4E9253F}.Release|Any CPU.ActiveCfg = Release|Any CPU
		{87A3962A-A59A-48CC-98F9-74EAC4E9253F}.Release|Any CPU.Build.0 = Release|Any CPU
	EndGlobalSection
	GlobalSection(SolutionProperties) = preSolution
		HideSolutionNode = FALSE
	EndGlobalSection
	GlobalSection(ExtensibilityGlobals) = postSolution
		SolutionGuid = {BBADCE5B-4FAE-4C31-854E-94DE8076A833}
	EndGlobalSection
EndGlobal
